
Microsoft Visual Studio Solution File, Format Version 12.00
# Visual Studio Version 17
VisualStudioVersion = 17.0.32014.148
MinimumVisualStudioVersion = 10.0.40219.1
Project("{FAE04EC0-301F-11D3-BF4B-00C04F79EFBC}") = "M2Task8.1", "M2Task8.1\M2Task8.1.csproj", "{76B05555-59CB-4201-89D7-FCB335BF9936}"
EndProject
Global
	GlobalSection(SolutionConfigurationPlatforms) = preSolution
		Debug|Any CPU = Debug|Any CPU
		Release|Any CPU = Release|Any CPU
	EndGlobalSection
	GlobalSection(ProjectConfigurationPlatforms) = postSolution
		{76B05555-59CB-4201-89D7-FCB335BF9936}.Debug|Any CPU.ActiveCfg = Debug|Any CPU
		{76B05555-59CB-4201-89D7-FCB335BF9936}.Debug|Any CPU.Build.0 = Debug|Any CPU
		{76B05555-59CB-4201-89D7-FCB335BF9936}.Release|Any CPU.ActiveCfg = Release|Any CPU
		{76B05555-59CB-4201-89D7-FCB335BF9936}.Release|Any CPU.Build.0 = Release|Any CPU
	EndGlobalSection
	GlobalSection(SolutionProperties) = preSolution
		HideSolutionNode = FALSE
	EndGlobalSection
	GlobalSection(ExtensibilityGlobals) = postSolution
		SolutionGuid = {03885B97-B732-4C20-9398-594B93DE2D71}
	EndGlobalSection
EndGlobal
